
Microsoft Visual Studio Solution File, Format Version 12.00
# Visual Studio Version 16
VisualStudioVersion = 16.0.31911.196
MinimumVisualStudioVersion = 10.0.40219.1
Project("{FAE04EC0-301F-11D3-BF4B-00C04F79EFBC}") = "ConsoleHello", "ConsoleHello\ConsoleHello.csproj", "{04D66271-25EF-4C0D-9CE8-E0E2064A09B0}"
EndProject
Global
	GlobalSection(SolutionConfigurationPlatforms) = preSolution
		Debug|Any CPU = Debug|Any CPU
		Release|Any CPU = Release|Any CPU
	EndGlobalSection
	GlobalSection(ProjectConfigurationPlatforms) = postSolution
		{04D66271-25EF-4C0D-9CE8-E0E2064A09B0}.Debug|Any CPU.ActiveCfg = Debug|Any CPU
		{04D66271-25EF-4C0D-9CE8-E0E2064A09B0}.Debug|Any CPU.Build.0 = Debug|Any CPU
		{04D66271-25EF-4C0D-9CE8-E0E2064A09B0}.Release|Any CPU.ActiveCfg = Release|Any CPU
		{04D66271-25EF-4C0D-9CE8-E0E2064A09B0}.Release|Any CPU.Build.0 = Release|Any CPU
	EndGlobalSection
	GlobalSection(SolutionProperties) = preSolution
		HideSolutionNode = FALSE
	EndGlobalSection
	GlobalSection(ExtensibilityGlobals) = postSolution
		SolutionGuid = {C126548B-E34C-48FD-87B9-52286BF3F9CD}
	EndGlobalSection
EndGlobal
